// !$*UTF8*$!
{
	archiveVersion = 1;
	classes = {
	};
	objectVersion = 46;
	objects = {

/* Begin PBXBuildFile section */
		3CF6C4E91DD7A016009081C7 /* AppDelegate.swift in Sources */ = {isa = PBXBuildFile; fileRef = 3CF6C4E81DD7A016009081C7 /* AppDelegate.swift */; };
		3CF6C4EB1DD7A016009081C7 /* ViewController.swift in Sources */ = {isa = PBXBuildFile; fileRef = 3CF6C4EA1DD7A016009081C7 /* ViewController.swift */; };
		3CF6C4EE1DD7A016009081C7 /* Main.storyboard in Resources */ = {isa = PBXBuildFile; fileRef = 3CF6C4EC1DD7A016009081C7 /* Main.storyboard */; };
		3CF6C4F01DD7A016009081C7 /* Assets.xcassets in Resources */ = {isa = PBXBuildFile; fileRef = 3CF6C4EF1DD7A016009081C7 /* Assets.xcassets */; };
		3CF6C4F31DD7A016009081C7 /* LaunchScreen.storyboard in Resources */ = {isa = PBXBuildFile; fileRef = 3CF6C4F11DD7A016009081C7 /* LaunchScreen.storyboard */; };
		3CF6C4FE1DD7A016009081C7 /* SpotFinderTests.swift in Sources */ = {isa = PBXBuildFile; fileRef = 3CF6C4FD1DD7A016009081C7 /* SpotFinderTests.swift */; };
		3CF6C5091DD7A016009081C7 /* SpotFinderUITests.swift in Sources */ = {isa = PBXBuildFile; fileRef = 3CF6C5081DD7A016009081C7 /* SpotFinderUITests.swift */; };
		3CF6C5521DD7AF22009081C7 /* GoogleMapsBase.framework in Frameworks */ = {isa = PBXBuildFile; fileRef = 3CF6C5511DD7AF22009081C7 /* GoogleMapsBase.framework */; };
		3CF6C5541DD7AF55009081C7 /* GoogleMaps.framework in Frameworks */ = {isa = PBXBuildFile; fileRef = 3CF6C5531DD7AF55009081C7 /* GoogleMaps.framework */; };
		3CF6C5561DD7AF77009081C7 /* GoogleMapsCore.framework in Frameworks */ = {isa = PBXBuildFile; fileRef = 3CF6C5551DD7AF77009081C7 /* GoogleMapsCore.framework */; };
		3CF6C5581DD7B04C009081C7 /* GoogleMaps.bundle in Resources */ = {isa = PBXBuildFile; fileRef = 3CF6C5571DD7B04C009081C7 /* GoogleMaps.bundle */; };
		3CF6C55B1DD7B237009081C7 /* Accelerate.framework in Frameworks */ = {isa = PBXBuildFile; fileRef = 3CF6C55A1DD7B237009081C7 /* Accelerate.framework */; };
		3CF6C55F1DD7B252009081C7 /* CoreData.framework in Frameworks */ = {isa = PBXBuildFile; fileRef = 3CF6C55C1DD7B252009081C7 /* CoreData.framework */; };
		3CF6C5611DD7B252009081C7 /* CoreGraphics.framework in Frameworks */ = {isa = PBXBuildFile; fileRef = 3CF6C55E1DD7B252009081C7 /* CoreGraphics.framework */; };
		3CF6C5631DD7B263009081C7 /* CoreLocation.framework in Frameworks */ = {isa = PBXBuildFile; fileRef = 3CF6C5621DD7B263009081C7 /* CoreLocation.framework */; };
		3CF6C5651DD7B26E009081C7 /* CoreText.framework in Frameworks */ = {isa = PBXBuildFile; fileRef = 3CF6C5641DD7B26E009081C7 /* CoreText.framework */; };
		3CF6C5671DD7B276009081C7 /* GLKit.framework in Frameworks */ = {isa = PBXBuildFile; fileRef = 3CF6C5661DD7B276009081C7 /* GLKit.framework */; };
		3CF6C5691DD7B280009081C7 /* ImageIO.framework in Frameworks */ = {isa = PBXBuildFile; fileRef = 3CF6C5681DD7B280009081C7 /* ImageIO.framework */; };
		3CF6C56B1DD7B292009081C7 /* libc++.tbd in Frameworks */ = {isa = PBXBuildFile; fileRef = 3CF6C56A1DD7B292009081C7 /* libc++.tbd */; };
		3CF6C56D1DD7B2A4009081C7 /* libz.tbd in Frameworks */ = {isa = PBXBuildFile; fileRef = 3CF6C56C1DD7B2A4009081C7 /* libz.tbd */; };
		3CF6C56F1DD7B2AF009081C7 /* OpenGLES.framework in Frameworks */ = {isa = PBXBuildFile; fileRef = 3CF6C56E1DD7B2AF009081C7 /* OpenGLES.framework */; };
		3CF6C5711DD7B2B8009081C7 /* QuartzCore.framework in Frameworks */ = {isa = PBXBuildFile; fileRef = 3CF6C5701DD7B2B8009081C7 /* QuartzCore.framework */; };
		3CF6C5731DD7B2C2009081C7 /* SystemConfiguration.framework in Frameworks */ = {isa = PBXBuildFile; fileRef = 3CF6C5721DD7B2C2009081C7 /* SystemConfiguration.framework */; };
		3CF6C5751DD7B2CC009081C7 /* UIKit.framework in Frameworks */ = {isa = PBXBuildFile; fileRef = 3CF6C5741DD7B2CC009081C7 /* UIKit.framework */; };
/* End PBXBuildFile section */

/* Begin PBXContainerItemProxy section */
		3CF6C4FA1DD7A016009081C7 /* PBXContainerItemProxy */ = {
			isa = PBXContainerItemProxy;
			containerPortal = 3CF6C4DD1DD7A016009081C7 /* Project object */;
			proxyType = 1;
			remoteGlobalIDString = 3CF6C4E41DD7A016009081C7;
			remoteInfo = SpotFinder;
		};
		3CF6C5051DD7A016009081C7 /* PBXContainerItemProxy */ = {
			isa = PBXContainerItemProxy;
			containerPortal = 3CF6C4DD1DD7A016009081C7 /* Project object */;
			proxyType = 1;
			remoteGlobalIDString = 3CF6C4E41DD7A016009081C7;
			remoteInfo = SpotFinder;
		};
/* End PBXContainerItemProxy section */

/* Begin PBXFileReference section */
		3CF6C4E51DD7A016009081C7 /* SpotFinder.app */ = {isa = PBXFileReference; explicitFileType = wrapper.application; includeInIndex = 0; path = SpotFinder.app; sourceTree = BUILT_PRODUCTS_DIR; };
		3CF6C4E81DD7A016009081C7 /* AppDelegate.swift */ = {isa = PBXFileReference; lastKnownFileType = sourcecode.swift; path = AppDelegate.swift; sourceTree = "<group>"; };
		3CF6C4EA1DD7A016009081C7 /* ViewController.swift */ = {isa = PBXFileReference; lastKnownFileType = sourcecode.swift; path = ViewController.swift; sourceTree = "<group>"; };
		3CF6C4ED1DD7A016009081C7 /* Base */ = {isa = PBXFileReference; lastKnownFileType = file.storyboard; name = Base; path = Base.lproj/Main.storyboard; sourceTree = "<group>"; };
		3CF6C4EF1DD7A016009081C7 /* Assets.xcassets */ = {isa = PBXFileReference; lastKnownFileType = folder.assetcatalog; path = Assets.xcassets; sourceTree = "<group>"; };
		3CF6C4F21DD7A016009081C7 /* Base */ = {isa = PBXFileReference; lastKnownFileType = file.storyboard; name = Base; path = Base.lproj/LaunchScreen.storyboard; sourceTree = "<group>"; };
		3CF6C4F41DD7A016009081C7 /* Info.plist */ = {isa = PBXFileReference; lastKnownFileType = text.plist.xml; path = Info.plist; sourceTree = "<group>"; };
		3CF6C4F91DD7A016009081C7 /* SpotFinderTests.xctest */ = {isa = PBXFileReference; explicitFileType = wrapper.cfbundle; includeInIndex = 0; path = SpotFinderTests.xctest; sourceTree = BUILT_PRODUCTS_DIR; };
		3CF6C4FD1DD7A016009081C7 /* SpotFinderTests.swift */ = {isa = PBXFileReference; lastKnownFileType = sourcecode.swift; path = SpotFinderTests.swift; sourceTree = "<group>"; };
		3CF6C4FF1DD7A016009081C7 /* Info.plist */ = {isa = PBXFileReference; lastKnownFileType = text.plist.xml; path = Info.plist; sourceTree = "<group>"; };
		3CF6C5041DD7A016009081C7 /* SpotFinderUITests.xctest */ = {isa = PBXFileReference; explicitFileType = wrapper.cfbundle; includeInIndex = 0; path = SpotFinderUITests.xctest; sourceTree = BUILT_PRODUCTS_DIR; };
		3CF6C5081DD7A016009081C7 /* SpotFinderUITests.swift */ = {isa = PBXFileReference; lastKnownFileType = sourcecode.swift; path = SpotFinderUITests.swift; sourceTree = "<group>"; };
		3CF6C50A1DD7A016009081C7 /* Info.plist */ = {isa = PBXFileReference; lastKnownFileType = text.plist.xml; path = Info.plist; sourceTree = "<group>"; };
		3CF6C5511DD7AF22009081C7 /* GoogleMapsBase.framework */ = {isa = PBXFileReference; lastKnownFileType = wrapper.framework; path = GoogleMapsBase.framework; sourceTree = "<group>"; };
		3CF6C5531DD7AF55009081C7 /* GoogleMaps.framework */ = {isa = PBXFileReference; lastKnownFileType = wrapper.framework; path = GoogleMaps.framework; sourceTree = "<group>"; };
		3CF6C5551DD7AF77009081C7 /* GoogleMapsCore.framework */ = {isa = PBXFileReference; lastKnownFileType = wrapper.framework; path = GoogleMapsCore.framework; sourceTree = "<group>"; };
		3CF6C5571DD7B04C009081C7 /* GoogleMaps.bundle */ = {isa = PBXFileReference; lastKnownFileType = "wrapper.plug-in"; name = GoogleMaps.bundle; path = GoogleMaps.framework/Versions/A/Resources/GoogleMaps.bundle; sourceTree = "<group>"; };
		3CF6C55A1DD7B237009081C7 /* Accelerate.framework */ = {isa = PBXFileReference; lastKnownFileType = wrapper.framework; name = Accelerate.framework; path = System/Library/Frameworks/Accelerate.framework; sourceTree = SDKROOT; };
		3CF6C55C1DD7B252009081C7 /* CoreData.framework */ = {isa = PBXFileReference; lastKnownFileType = wrapper.framework; name = CoreData.framework; path = System/Library/Frameworks/CoreData.framework; sourceTree = SDKROOT; };
		3CF6C55D1DD7B252009081C7 /* CoreFoundation.framework */ = {isa = PBXFileReference; lastKnownFileType = wrapper.framework; name = CoreFoundation.framework; path = System/Library/Frameworks/CoreFoundation.framework; sourceTree = SDKROOT; };
		3CF6C55E1DD7B252009081C7 /* CoreGraphics.framework */ = {isa = PBXFileReference; lastKnownFileType = wrapper.framework; name = CoreGraphics.framework; path = System/Library/Frameworks/CoreGraphics.framework; sourceTree = SDKROOT; };
		3CF6C5621DD7B263009081C7 /* CoreLocation.framework */ = {isa = PBXFileReference; lastKnownFileType = wrapper.framework; name = CoreLocation.framework; path = System/Library/Frameworks/CoreLocation.framework; sourceTree = SDKROOT; };
		3CF6C5641DD7B26E009081C7 /* CoreText.framework */ = {isa = PBXFileReference; lastKnownFileType = wrapper.framework; name = CoreText.framework; path = System/Library/Frameworks/CoreText.framework; sourceTree = SDKROOT; };
		3CF6C5661DD7B276009081C7 /* GLKit.framework */ = {isa = PBXFileReference; lastKnownFileType = wrapper.framework; name = GLKit.framework; path = System/Library/Frameworks/GLKit.framework; sourceTree = SDKROOT; };
		3CF6C5681DD7B280009081C7 /* ImageIO.framework */ = {isa = PBXFileReference; lastKnownFileType = wrapper.framework; name = ImageIO.framework; path = System/Library/Frameworks/ImageIO.framework; sourceTree = SDKROOT; };
		3CF6C56A1DD7B292009081C7 /* libc++.tbd */ = {isa = PBXFileReference; lastKnownFileType = "sourcecode.text-based-dylib-definition"; name = "libc++.tbd"; path = "usr/lib/libc++.tbd"; sourceTree = SDKROOT; };
		3CF6C56C1DD7B2A4009081C7 /* libz.tbd */ = {isa = PBXFileReference; lastKnownFileType = "sourcecode.text-based-dylib-definition"; name = libz.tbd; path = usr/lib/libz.tbd; sourceTree = SDKROOT; };
		3CF6C56E1DD7B2AF009081C7 /* OpenGLES.framework */ = {isa = PBXFileReference; lastKnownFileType = wrapper.framework; name = OpenGLES.framework; path = System/Library/Frameworks/OpenGLES.framework; sourceTree = SDKROOT; };
		3CF6C5701DD7B2B8009081C7 /* QuartzCore.framework */ = {isa = PBXFileReference; lastKnownFileType = wrapper.framework; name = QuartzCore.framework; path = System/Library/Frameworks/QuartzCore.framework; sourceTree = SDKROOT; };
		3CF6C5721DD7B2C2009081C7 /* SystemConfiguration.framework */ = {isa = PBXFileReference; lastKnownFileType = wrapper.framework; name = SystemConfiguration.framework; path = System/Library/Frameworks/SystemConfiguration.framework; sourceTree = SDKROOT; };
		3CF6C5741DD7B2CC009081C7 /* UIKit.framework */ = {isa = PBXFileReference; lastKnownFileType = wrapper.framework; name = UIKit.framework; path = System/Library/Frameworks/UIKit.framework; sourceTree = SDKROOT; };
/* End PBXFileReference section */

/* Begin PBXFrameworksBuildPhase section */
		3CF6C4E21DD7A016009081C7 /* Frameworks */ = {
			isa = PBXFrameworksBuildPhase;
			buildActionMask = 2147483647;
			files = (
				3CF6C5751DD7B2CC009081C7 /* UIKit.framework in Frameworks */,
				3CF6C5731DD7B2C2009081C7 /* SystemConfiguration.framework in Frameworks */,
				3CF6C5711DD7B2B8009081C7 /* QuartzCore.framework in Frameworks */,
				3CF6C56F1DD7B2AF009081C7 /* OpenGLES.framework in Frameworks */,
				3CF6C56D1DD7B2A4009081C7 /* libz.tbd in Frameworks */,
				3CF6C56B1DD7B292009081C7 /* libc++.tbd in Frameworks */,
				3CF6C5691DD7B280009081C7 /* ImageIO.framework in Frameworks */,
				3CF6C5671DD7B276009081C7 /* GLKit.framework in Frameworks */,
				3CF6C5651DD7B26E009081C7 /* CoreText.framework in Frameworks */,
				3CF6C5631DD7B263009081C7 /* CoreLocation.framework in Frameworks */,
				3CF6C55F1DD7B252009081C7 /* CoreData.framework in Frameworks */,
				3CF6C5611DD7B252009081C7 /* CoreGraphics.framework in Frameworks */,
				3CF6C55B1DD7B237009081C7 /* Accelerate.framework in Frameworks */,
				3CF6C5541DD7AF55009081C7 /* GoogleMaps.framework in Frameworks */,
				3CF6C5561DD7AF77009081C7 /* GoogleMapsCore.framework in Frameworks */,
				3CF6C5521DD7AF22009081C7 /* GoogleMapsBase.framework in Frameworks */,
			);
			runOnlyForDeploymentPostprocessing = 0;
		};
		3CF6C4F61DD7A016009081C7 /* Frameworks */ = {
			isa = PBXFrameworksBuildPhase;
			buildActionMask = 2147483647;
			files = (
			);
			runOnlyForDeploymentPostprocessing = 0;
		};
		3CF6C5011DD7A016009081C7 /* Frameworks */ = {
			isa = PBXFrameworksBuildPhase;
			buildActionMask = 2147483647;
			files = (
			);
			runOnlyForDeploymentPostprocessing = 0;
		};
/* End PBXFrameworksBuildPhase section */

/* Begin PBXGroup section */
		3CF6C4DC1DD7A016009081C7 = {
			isa = PBXGroup;
			children = (
				3CF6C4E71DD7A016009081C7 /* SpotFinder */,
				3CF6C4FC1DD7A016009081C7 /* SpotFinderTests */,
				3CF6C5071DD7A016009081C7 /* SpotFinderUITests */,
				3CF6C4E61DD7A016009081C7 /* Products */,
				3CF6C5591DD7B237009081C7 /* Frameworks */,
			);
			sourceTree = "<group>";
		};
		3CF6C4E61DD7A016009081C7 /* Products */ = {
			isa = PBXGroup;
			children = (
				3CF6C4E51DD7A016009081C7 /* SpotFinder.app */,
				3CF6C4F91DD7A016009081C7 /* SpotFinderTests.xctest */,
				3CF6C5041DD7A016009081C7 /* SpotFinderUITests.xctest */,
			);
			name = Products;
			sourceTree = "<group>";
		};
		3CF6C4E71DD7A016009081C7 /* SpotFinder */ = {
			isa = PBXGroup;
			children = (
				3CF6C5571DD7B04C009081C7 /* GoogleMaps.bundle */,
				3CF6C5551DD7AF77009081C7 /* GoogleMapsCore.framework */,
				3CF6C5511DD7AF22009081C7 /* GoogleMapsBase.framework */,
				3CF6C5531DD7AF55009081C7 /* GoogleMaps.framework */,
				3CF6C4E81DD7A016009081C7 /* AppDelegate.swift */,
				3CF6C4EA1DD7A016009081C7 /* ViewController.swift */,
				3CF6C4EC1DD7A016009081C7 /* Main.storyboard */,
				3CF6C4EF1DD7A016009081C7 /* Assets.xcassets */,
				3CF6C4F11DD7A016009081C7 /* LaunchScreen.storyboard */,
				3CF6C4F41DD7A016009081C7 /* Info.plist */,
			);
			path = SpotFinder;
			sourceTree = "<group>";
		};
		3CF6C4FC1DD7A016009081C7 /* SpotFinderTests */ = {
			isa = PBXGroup;
			children = (
				3CF6C4FD1DD7A016009081C7 /* SpotFinderTests.swift */,
				3CF6C4FF1DD7A016009081C7 /* Info.plist */,
			);
			path = SpotFinderTests;
			sourceTree = "<group>";
		};
		3CF6C5071DD7A016009081C7 /* SpotFinderUITests */ = {
			isa = PBXGroup;
			children = (
				3CF6C5081DD7A016009081C7 /* SpotFinderUITests.swift */,
				3CF6C50A1DD7A016009081C7 /* Info.plist */,
			);
			path = SpotFinderUITests;
			sourceTree = "<group>";
		};
		3CF6C5591DD7B237009081C7 /* Frameworks */ = {
			isa = PBXGroup;
			children = (
				3CF6C5741DD7B2CC009081C7 /* UIKit.framework */,
				3CF6C5721DD7B2C2009081C7 /* SystemConfiguration.framework */,
				3CF6C5701DD7B2B8009081C7 /* QuartzCore.framework */,
				3CF6C56E1DD7B2AF009081C7 /* OpenGLES.framework */,
				3CF6C56C1DD7B2A4009081C7 /* libz.tbd */,
				3CF6C56A1DD7B292009081C7 /* libc++.tbd */,
				3CF6C5681DD7B280009081C7 /* ImageIO.framework */,
				3CF6C5661DD7B276009081C7 /* GLKit.framework */,
				3CF6C5641DD7B26E009081C7 /* CoreText.framework */,
				3CF6C5621DD7B263009081C7 /* CoreLocation.framework */,
				3CF6C55C1DD7B252009081C7 /* CoreData.framework */,
				3CF6C55D1DD7B252009081C7 /* CoreFoundation.framework */,
				3CF6C55E1DD7B252009081C7 /* CoreGraphics.framework */,
				3CF6C55A1DD7B237009081C7 /* Accelerate.framework */,
			);
			name = Frameworks;
			sourceTree = "<group>";
		};
/* End PBXGroup section */

/* Begin PBXNativeTarget section */
		3CF6C4E41DD7A016009081C7 /* SpotFinder */ = {
			isa = PBXNativeTarget;
			buildConfigurationList = 3CF6C50D1DD7A016009081C7 /* Build configuration list for PBXNativeTarget "SpotFinder" */;
			buildPhases = (
				3CF6C4E11DD7A016009081C7 /* Sources */,
				3CF6C4E21DD7A016009081C7 /* Frameworks */,
				3CF6C4E31DD7A016009081C7 /* Resources */,
			);
			buildRules = (
			);
			dependencies = (
			);
			name = SpotFinder;
			productName = SpotFinder;
			productReference = 3CF6C4E51DD7A016009081C7 /* SpotFinder.app */;
			productType = "com.apple.product-type.application";
		};
		3CF6C4F81DD7A016009081C7 /* SpotFinderTests */ = {
			isa = PBXNativeTarget;
			buildConfigurationList = 3CF6C5101DD7A016009081C7 /* Build configuration list for PBXNativeTarget "SpotFinderTests" */;
			buildPhases = (
				3CF6C4F51DD7A016009081C7 /* Sources */,
				3CF6C4F61DD7A016009081C7 /* Frameworks */,
				3CF6C4F71DD7A016009081C7 /* Resources */,
			);
			buildRules = (
			);
			dependencies = (
				3CF6C4FB1DD7A016009081C7 /* PBXTargetDependency */,
			);
			name = SpotFinderTests;
			productName = SpotFinderTests;
			productReference = 3CF6C4F91DD7A016009081C7 /* SpotFinderTests.xctest */;
			productType = "com.apple.product-type.bundle.unit-test";
		};
		3CF6C5031DD7A016009081C7 /* SpotFinderUITests */ = {
			isa = PBXNativeTarget;
			buildConfigurationList = 3CF6C5131DD7A016009081C7 /* Build configuration list for PBXNativeTarget "SpotFinderUITests" */;
			buildPhases = (
				3CF6C5001DD7A016009081C7 /* Sources */,
				3CF6C5011DD7A016009081C7 /* Frameworks */,
				3CF6C5021DD7A016009081C7 /* Resources */,
			);
			buildRules = (
			);
			dependencies = (
				3CF6C5061DD7A016009081C7 /* PBXTargetDependency */,
			);
			name = SpotFinderUITests;
			productName = SpotFinderUITests;
			productReference = 3CF6C5041DD7A016009081C7 /* SpotFinderUITests.xctest */;
			productType = "com.apple.product-type.bundle.ui-testing";
		};
/* End PBXNativeTarget section */

/* Begin PBXProject section */
		3CF6C4DD1DD7A016009081C7 /* Project object */ = {
			isa = PBXProject;
			attributes = {
				LastSwiftUpdateCheck = 0800;
				LastUpgradeCheck = 0800;
				ORGANIZATIONNAME = UVaSTSFinal;
				TargetAttributes = {
					3CF6C4E41DD7A016009081C7 = {
						CreatedOnToolsVersion = 8.0;
						ProvisioningStyle = Automatic;
					};
					3CF6C4F81DD7A016009081C7 = {
						CreatedOnToolsVersion = 8.0;
						ProvisioningStyle = Automatic;
						TestTargetID = 3CF6C4E41DD7A016009081C7;
					};
					3CF6C5031DD7A016009081C7 = {
						CreatedOnToolsVersion = 8.0;
						ProvisioningStyle = Automatic;
						TestTargetID = 3CF6C4E41DD7A016009081C7;
					};
				};
			};
			buildConfigurationList = 3CF6C4E01DD7A016009081C7 /* Build configuration list for PBXProject "SpotFinder" */;
			compatibilityVersion = "Xcode 3.2";
			developmentRegion = English;
			hasScannedForEncodings = 0;
			knownRegions = (
				en,
				Base,
			);
			mainGroup = 3CF6C4DC1DD7A016009081C7;
			productRefGroup = 3CF6C4E61DD7A016009081C7 /* Products */;
			projectDirPath = "";
			projectRoot = "";
			targets = (
				3CF6C4E41DD7A016009081C7 /* SpotFinder */,
				3CF6C4F81DD7A016009081C7 /* SpotFinderTests */,
				3CF6C5031DD7A016009081C7 /* SpotFinderUITests */,
			);
		};
/* End PBXProject section */

/* Begin PBXResourcesBuildPhase section */
		3CF6C4E31DD7A016009081C7 /* Resources */ = {
			isa = PBXResourcesBuildPhase;
			buildActionMask = 2147483647;
			files = (
				3CF6C4F31DD7A016009081C7 /* LaunchScreen.storyboard in Resources */,
				3CF6C4F01DD7A016009081C7 /* Assets.xcassets in Resources */,
				3CF6C4EE1DD7A016009081C7 /* Main.storyboard in Resources */,
				3CF6C5581DD7B04C009081C7 /* GoogleMaps.bundle in Resources */,
			);
			runOnlyForDeploymentPostprocessing = 0;
		};
		3CF6C4F71DD7A016009081C7 /* Resources */ = {
			isa = PBXResourcesBuildPhase;
			buildActionMask = 2147483647;
			files = (
			);
			runOnlyForDeploymentPostprocessing = 0;
		};
		3CF6C5021DD7A016009081C7 /* Resources */ = {
			isa = PBXResourcesBuildPhase;
			buildActionMask = 2147483647;
			files = (
			);
			runOnlyForDeploymentPostprocessing = 0;
		};
/* End PBXResourcesBuildPhase section */

/* Begin PBXSourcesBuildPhase section */
		3CF6C4E11DD7A016009081C7 /* Sources */ = {
			isa = PBXSourcesBuildPhase;
			buildActionMask = 2147483647;
			files = (
				3CF6C4EB1DD7A016009081C7 /* ViewController.swift in Sources */,
				3CF6C4E91DD7A016009081C7 /* AppDelegate.swift in Sources */,
			);
			runOnlyForDeploymentPostprocessing = 0;
		};
		3CF6C4F51DD7A016009081C7 /* Sources */ = {
			isa = PBXSourcesBuildPhase;
			buildActionMask = 2147483647;
			files = (
				3CF6C4FE1DD7A016009081C7 /* SpotFinderTests.swift in Sources */,
			);
			runOnlyForDeploymentPostprocessing = 0;
		};
		3CF6C5001DD7A016009081C7 /* Sources */ = {
			isa = PBXSourcesBuildPhase;
			buildActionMask = 2147483647;
			files = (
				3CF6C5091DD7A016009081C7 /* SpotFinderUITests.swift in Sources */,
			);
			runOnlyForDeploymentPostprocessing = 0;
		};
/* End PBXSourcesBuildPhase section */

/* Begin PBXTargetDependency section */
		3CF6C4FB1DD7A016009081C7 /* PBXTargetDependency */ = {
			isa = PBXTargetDependency;
			target = 3CF6C4E41DD7A016009081C7 /* SpotFinder */;
			targetProxy = 3CF6C4FA1DD7A016009081C7 /* PBXContainerItemProxy */;
		};
		3CF6C5061DD7A016009081C7 /* PBXTargetDependency */ = {
			isa = PBXTargetDependency;
			target = 3CF6C4E41DD7A016009081C7 /* SpotFinder */;
			targetProxy = 3CF6C5051DD7A016009081C7 /* PBXContainerItemProxy */;
		};
/* End PBXTargetDependency section */

/* Begin PBXVariantGroup section */
		3CF6C4EC1DD7A016009081C7 /* Main.storyboard */ = {
			isa = PBXVariantGroup;
			children = (
				3CF6C4ED1DD7A016009081C7 /* Base */,
			);
			name = Main.storyboard;
			sourceTree = "<group>";
		};
		3CF6C4F11DD7A016009081C7 /* LaunchScreen.storyboard */ = {
			isa = PBXVariantGroup;
			children = (
				3CF6C4F21DD7A016009081C7 /* Base */,
			);
			name = LaunchScreen.storyboard;
			sourceTree = "<group>";
		};
/* End PBXVariantGroup section */

/* Begin XCBuildConfiguration section */
		3CF6C50B1DD7A016009081C7 /* Debug */ = {
			isa = XCBuildConfiguration;
			buildSettings = {
				ALWAYS_SEARCH_USER_PATHS = NO;
				CLANG_ANALYZER_NONNULL = YES;
				CLANG_CXX_LANGUAGE_STANDARD = "gnu++0x";
				CLANG_CXX_LIBRARY = "libc++";
				CLANG_ENABLE_MODULES = YES;
				CLANG_ENABLE_OBJC_ARC = YES;
				CLANG_WARN_BOOL_CONVERSION = YES;
				CLANG_WARN_CONSTANT_CONVERSION = YES;
				CLANG_WARN_DIRECT_OBJC_ISA_USAGE = YES_ERROR;
				CLANG_WARN_DOCUMENTATION_COMMENTS = YES;
				CLANG_WARN_EMPTY_BODY = YES;
				CLANG_WARN_ENUM_CONVERSION = YES;
				CLANG_WARN_INFINITE_RECURSION = YES;
				CLANG_WARN_INT_CONVERSION = YES;
				CLANG_WARN_OBJC_ROOT_CLASS = YES_ERROR;
				CLANG_WARN_SUSPICIOUS_MOVES = YES;
				CLANG_WARN_UNREACHABLE_CODE = YES;
				CLANG_WARN__DUPLICATE_METHOD_MATCH = YES;
				"CODE_SIGN_IDENTITY[sdk=iphoneos*]" = "iPhone Developer";
				COPY_PHASE_STRIP = NO;
				DEBUG_INFORMATION_FORMAT = dwarf;
				ENABLE_STRICT_OBJC_MSGSEND = YES;
				ENABLE_TESTABILITY = YES;
				GCC_C_LANGUAGE_STANDARD = gnu99;
				GCC_DYNAMIC_NO_PIC = NO;
				GCC_NO_COMMON_BLOCKS = YES;
				GCC_OPTIMIZATION_LEVEL = 0;
				GCC_PREPROCESSOR_DEFINITIONS = (
					"DEBUG=1",
					"$(inherited)",
				);
				GCC_WARN_64_TO_32_BIT_CONVERSION = YES;
				GCC_WARN_ABOUT_RETURN_TYPE = YES_ERROR;
				GCC_WARN_UNDECLARED_SELECTOR = YES;
				GCC_WARN_UNINITIALIZED_AUTOS = YES_AGGRESSIVE;
				GCC_WARN_UNUSED_FUNCTION = YES;
				GCC_WARN_UNUSED_VARIABLE = YES;
				IPHONEOS_DEPLOYMENT_TARGET = 10.0;
				MTL_ENABLE_DEBUG_INFO = YES;
				ONLY_ACTIVE_ARCH = YES;
				SDKROOT = iphoneos;
				SWIFT_ACTIVE_COMPILATION_CONDITIONS = DEBUG;
				SWIFT_OPTIMIZATION_LEVEL = "-Onone";
				TARGETED_DEVICE_FAMILY = "1,2";
			};
			name = Debug;
		};
		3CF6C50C1DD7A016009081C7 /* Release */ = {
			isa = XCBuildConfiguration;
			buildSettings = {
				ALWAYS_SEARCH_USER_PATHS = NO;
				CLANG_ANALYZER_NONNULL = YES;
				CLANG_CXX_LANGUAGE_STANDARD = "gnu++0x";
				CLANG_CXX_LIBRARY = "libc++";
				CLANG_ENABLE_MODULES = YES;
				CLANG_ENABLE_OBJC_ARC = YES;
				CLANG_WARN_BOOL_CONVERSION = YES;
				CLANG_WARN_CONSTANT_CONVERSION = YES;
				CLANG_WARN_DIRECT_OBJC_ISA_USAGE = YES_ERROR;
				CLANG_WARN_DOCUMENTATION_COMMENTS = YES;
				CLANG_WARN_EMPTY_BODY = YES;
				CLANG_WARN_ENUM_CONVERSION = YES;
				CLANG_WARN_INFINITE_RECURSION = YES;
				CLANG_WARN_INT_CONVERSION = YES;
				CLANG_WARN_OBJC_ROOT_CLASS = YES_ERROR;
				CLANG_WARN_SUSPICIOUS_MOVES = YES;
				CLANG_WARN_UNREACHABLE_CODE = YES;
				CLANG_WARN__DUPLICATE_METHOD_MATCH = YES;
				"CODE_SIGN_IDENTITY[sdk=iphoneos*]" = "iPhone Developer";
				COPY_PHASE_STRIP = NO;
				DEBUG_INFORMATION_FORMAT = "dwarf-with-dsym";
				ENABLE_NS_ASSERTIONS = NO;
				ENABLE_STRICT_OBJC_MSGSEND = YES;
				GCC_C_LANGUAGE_STANDARD = gnu99;
				GCC_NO_COMMON_BLOCKS = YES;
				GCC_WARN_64_TO_32_BIT_CONVERSION = YES;
				GCC_WARN_ABOUT_RETURN_TYPE = YES_ERROR;
				GCC_WARN_UNDECLARED_SELECTOR = YES;
				GCC_WARN_UNINITIALIZED_AUTOS = YES_AGGRESSIVE;
				GCC_WARN_UNUSED_FUNCTION = YES;
				GCC_WARN_UNUSED_VARIABLE = YES;
				IPHONEOS_DEPLOYMENT_TARGET = 10.0;
				MTL_ENABLE_DEBUG_INFO = NO;
				SDKROOT = iphoneos;
				SWIFT_OPTIMIZATION_LEVEL = "-Owholemodule";
				TARGETED_DEVICE_FAMILY = "1,2";
				VALIDATE_PRODUCT = YES;
			};
			name = Release;
		};
		3CF6C50E1DD7A016009081C7 /* Debug */ = {
			isa = XCBuildConfiguration;
			buildSettings = {
				ASSETCATALOG_COMPILER_APPICON_NAME = AppIcon;
				FRAMEWORK_SEARCH_PATHS = (
					"$(inherited)",
					"$(PROJECT_DIR)/SpotFinder",
				);
				INFOPLIST_FILE = SpotFinder/Info.plist;
				LD_RUNPATH_SEARCH_PATHS = "$(inherited) @executable_path/Frameworks";
				OTHER_LDFLAGS = "-Objc";
				PRODUCT_BUNDLE_IDENTIFIER = com.UVaSTSFinal.SpotFinder;
				PRODUCT_NAME = "$(TARGET_NAME)";
				SWIFT_VERSION = 3.0;
			};
			name = Debug;
		};
		3CF6C50F1DD7A016009081C7 /* Release */ = {
			isa = XCBuildConfiguration;
			buildSettings = {
				ASSETCATALOG_COMPILER_APPICON_NAME = AppIcon;
				FRAMEWORK_SEARCH_PATHS = (
					"$(inherited)",
					"$(PROJECT_DIR)/SpotFinder",
				);
				INFOPLIST_FILE = SpotFinder/Info.plist;
				LD_RUNPATH_SEARCH_PATHS = "$(inherited) @executable_path/Frameworks";
				OTHER_LDFLAGS = "-Objc";
				PRODUCT_BUNDLE_IDENTIFIER = com.UVaSTSFinal.SpotFinder;
				PRODUCT_NAME = "$(TARGET_NAME)";
				SWIFT_VERSION = 3.0;
			};
			name = Release;
		};
		3CF6C5111DD7A016009081C7 /* Debug */ = {
			isa = XCBuildConfiguration;
			buildSettings = {
				ALWAYS_EMBED_SWIFT_STANDARD_LIBRARIES = YES;
				BUNDLE_LOADER = "$(TEST_HOST)";
				INFOPLIST_FILE = SpotFinderTests/Info.plist;
				LD_RUNPATH_SEARCH_PATHS = "$(inherited) @executable_path/Frameworks @loader_path/Frameworks";
				PRODUCT_BUNDLE_IDENTIFIER = com.UVaSTSFinal.SpotFinderTests;
				PRODUCT_NAME = "$(TARGET_NAME)";
				SWIFT_VERSION = 3.0;
				TEST_HOST = "$(BUILT_PRODUCTS_DIR)/SpotFinder.app/SpotFinder";
			};
			name = Debug;
		};
		3CF6C5121DD7A016009081C7 /* Release */ = {
			isa = XCBuildConfiguration;
			buildSettings = {
				ALWAYS_EMBED_SWIFT_STANDARD_LIBRARIES = YES;
				BUNDLE_LOADER = "$(TEST_HOST)";
				INFOPLIST_FILE = SpotFinderTests/Info.plist;
				LD_RUNPATH_SEARCH_PATHS = "$(inherited) @executable_path/Frameworks @loader_path/Frameworks";
				PRODUCT_BUNDLE_IDENTIFIER = com.UVaSTSFinal.SpotFinderTests;
				PRODUCT_NAME = "$(TARGET_NAME)";
				SWIFT_VERSION = 3.0;
				TEST_HOST = "$(BUILT_PRODUCTS_DIR)/SpotFinder.app/SpotFinder";
			};
			name = Release;
		};
		3CF6C5141DD7A016009081C7 /* Debug */ = {
			isa = XCBuildConfiguration;
			buildSettings = {
				ALWAYS_EMBED_SWIFT_STANDARD_LIBRARIES = YES;
				INFOPLIST_FILE = SpotFinderUITests/Info.plist;
				LD_RUNPATH_SEARCH_PATHS = "$(inherited) @executable_path/Frameworks @loader_path/Frameworks";
				PRODUCT_BUNDLE_IDENTIFIER = com.UVaSTSFinal.SpotFinderUITests;
				PRODUCT_NAME = "$(TARGET_NAME)";
				SWIFT_VERSION = 3.0;
				TEST_TARGET_NAME = SpotFinder;
			};
			name = Debug;
		};
		3CF6C5151DD7A016009081C7 /* Release */ = {
			isa = XCBuildConfiguration;
			buildSettings = {
				ALWAYS_EMBED_SWIFT_STANDARD_LIBRARIES = YES;
				INFOPLIST_FILE = SpotFinderUITests/Info.plist;
				LD_RUNPATH_SEARCH_PATHS = "$(inherited) @executable_path/Frameworks @loader_path/Frameworks";
				PRODUCT_BUNDLE_IDENTIFIER = com.UVaSTSFinal.SpotFinderUITests;
				PRODUCT_NAME = "$(TARGET_NAME)";
				SWIFT_VERSION = 3.0;
				TEST_TARGET_NAME = SpotFinder;
			};
			name = Release;
		};
/* End XCBuildConfiguration section */

/* Begin XCConfigurationList section */
		3CF6C4E01DD7A016009081C7 /* Build configuration list for PBXProject "SpotFinder" */ = {
			isa = XCConfigurationList;
			buildConfigurations = (
				3CF6C50B1DD7A016009081C7 /* Debug */,
				3CF6C50C1DD7A016009081C7 /* Release */,
			);
			defaultConfigurationIsVisible = 0;
			defaultConfigurationName = Release;
		};
		3CF6C50D1DD7A016009081C7 /* Build configuration list for PBXNativeTarget "SpotFinder" */ = {
			isa = XCConfigurationList;
			buildConfigurations = (
				3CF6C50E1DD7A016009081C7 /* Debug */,
				3CF6C50F1DD7A016009081C7 /* Release */,
			);
			defaultConfigurationIsVisible = 0;
			defaultConfigurationName = Release;
		};
		3CF6C5101DD7A016009081C7 /* Build configuration list for PBXNativeTarget "SpotFinderTests" */ = {
			isa = XCConfigurationList;
			buildConfigurations = (
				3CF6C5111DD7A016009081C7 /* Debug */,
				3CF6C5121DD7A016009081C7 /* Release */,
			);
			defaultConfigurationIsVisible = 0;
			defaultConfigurationName = Release;
		};
		3CF6C5131DD7A016009081C7 /* Build configuration list for PBXNativeTarget "SpotFinderUITests" */ = {
			isa = XCConfigurationList;
			buildConfigurations = (
				3CF6C5141DD7A016009081C7 /* Debug */,
				3CF6C5151DD7A016009081C7 /* Release */,
			);
			defaultConfigurationIsVisible = 0;
			defaultConfigurationName = Release;
		};
/* End XCConfigurationList section */
	};
	rootObject = 3CF6C4DD1DD7A016009081C7 /* Project object */;
}
